// !$*UTF8*$!
{
	archiveVersion = 1;
	classes = {
	};
	objectVersion = 46;
	objects = {

/* Begin PBXBuildFile section */
		64ED38D01CBBA49900BA8070 /* AppDelegate.swift in Sources */ = {isa = PBXBuildFile; fileRef = 64ED38CF1CBBA49900BA8070 /* AppDelegate.swift */; };
		64ED38D21CBBA49900BA8070 /* ViewController.swift in Sources */ = {isa = PBXBuildFile; fileRef = 64ED38D11CBBA49900BA8070 /* ViewController.swift */; };
		64ED38D51CBBA49900BA8070 /* Main.storyboard in Resources */ = {isa = PBXBuildFile; fileRef = 64ED38D31CBBA49900BA8070 /* Main.storyboard */; };
		64ED38D81CBBA49900BA8070 /* xremix.xcdatamodeld in Sources */ = {isa = PBXBuildFile; fileRef = 64ED38D61CBBA49900BA8070 /* xremix.xcdatamodeld */; };
		64ED38DA1CBBA49900BA8070 /* Assets.xcassets in Resources */ = {isa = PBXBuildFile; fileRef = 64ED38D91CBBA49900BA8070 /* Assets.xcassets */; };
		64ED38DD1CBBA49900BA8070 /* LaunchScreen.storyboard in Resources */ = {isa = PBXBuildFile; fileRef = 64ED38DB1CBBA49900BA8070 /* LaunchScreen.storyboard */; };
		64ED38E61CBBA5A900BA8070 /* FlickApiReader.swift in Sources */ = {isa = PBXBuildFile; fileRef = 64ED38E51CBBA5A900BA8070 /* FlickApiReader.swift */; };
		64ED38EA1CBBA6D000BA8070 /* SwiftyJSON.swift in Sources */ = {isa = PBXBuildFile; fileRef = 64ED38E91CBBA6D000BA8070 /* SwiftyJSON.swift */; };
		64ED38EE1CBBAF3200BA8070 /* FlickrImage.swift in Sources */ = {isa = PBXBuildFile; fileRef = 64ED38ED1CBBAF3200BA8070 /* FlickrImage.swift */; };
		64ED38F51CBBB8D100BA8070 /* ImageViewController.swift in Sources */ = {isa = PBXBuildFile; fileRef = 64ED38F31CBBB8D100BA8070 /* ImageViewController.swift */; };
		64ED38F61CBBB8D100BA8070 /* ImageViewController.xib in Resources */ = {isa = PBXBuildFile; fileRef = 64ED38F41CBBB8D100BA8070 /* ImageViewController.xib */; };
/* End PBXBuildFile section */

/* Begin PBXFileReference section */
		64ED38CC1CBBA49900BA8070 /* xremix.app */ = {isa = PBXFileReference; explicitFileType = wrapper.application; includeInIndex = 0; path = xremix.app; sourceTree = BUILT_PRODUCTS_DIR; };
		64ED38CF1CBBA49900BA8070 /* AppDelegate.swift */ = {isa = PBXFileReference; lastKnownFileType = sourcecode.swift; path = AppDelegate.swift; sourceTree = "<group>"; };
		64ED38D11CBBA49900BA8070 /* ViewController.swift */ = {isa = PBXFileReference; lastKnownFileType = sourcecode.swift; path = ViewController.swift; sourceTree = "<group>"; };
		64ED38D41CBBA49900BA8070 /* Base */ = {isa = PBXFileReference; lastKnownFileType = file.storyboard; name = Base; path = Base.lproj/Main.storyboard; sourceTree = "<group>"; };
		64ED38D71CBBA49900BA8070 /* xremix.xcdatamodel */ = {isa = PBXFileReference; lastKnownFileType = wrapper.xcdatamodel; path = xremix.xcdatamodel; sourceTree = "<group>"; };
		64ED38D91CBBA49900BA8070 /* Assets.xcassets */ = {isa = PBXFileReference; lastKnownFileType = folder.assetcatalog; path = Assets.xcassets; sourceTree = "<group>"; };
		64ED38DC1CBBA49900BA8070 /* Base */ = {isa = PBXFileReference; lastKnownFileType = file.storyboard; name = Base; path = Base.lproj/LaunchScreen.storyboard; sourceTree = "<group>"; };
		64ED38DE1CBBA49900BA8070 /* Info.plist */ = {isa = PBXFileReference; lastKnownFileType = text.plist.xml; path = Info.plist; sourceTree = "<group>"; };
		64ED38E51CBBA5A900BA8070 /* FlickApiReader.swift */ = {isa = PBXFileReference; fileEncoding = 4; lastKnownFileType = sourcecode.swift; path = FlickApiReader.swift; sourceTree = "<group>"; };
		64ED38E91CBBA6D000BA8070 /* SwiftyJSON.swift */ = {isa = PBXFileReference; fileEncoding = 4; lastKnownFileType = sourcecode.swift; path = SwiftyJSON.swift; sourceTree = "<group>"; };
		64ED38ED1CBBAF3200BA8070 /* FlickrImage.swift */ = {isa = PBXFileReference; fileEncoding = 4; lastKnownFileType = sourcecode.swift; path = FlickrImage.swift; sourceTree = "<group>"; };
		64ED38F31CBBB8D100BA8070 /* ImageViewController.swift */ = {isa = PBXFileReference; fileEncoding = 4; lastKnownFileType = sourcecode.swift; path = ImageViewController.swift; sourceTree = "<group>"; };
		64ED38F41CBBB8D100BA8070 /* ImageViewController.xib */ = {isa = PBXFileReference; fileEncoding = 4; lastKnownFileType = file.xib; path = ImageViewController.xib; sourceTree = "<group>"; };
/* End PBXFileReference section */

/* Begin PBXFrameworksBuildPhase section */
		64ED38C91CBBA49900BA8070 /* Frameworks */ = {
			isa = PBXFrameworksBuildPhase;
			buildActionMask = 2147483647;
			files = (
			);
			runOnlyForDeploymentPostprocessing = 0;
		};
/* End PBXFrameworksBuildPhase section */

/* Begin PBXGroup section */
		64ED38C31CBBA49900BA8070 = {
			isa = PBXGroup;
			children = (
				64ED38CE1CBBA49900BA8070 /* xremix */,
				64ED38CD1CBBA49900BA8070 /* Products */,
			);
			sourceTree = "<group>";
		};
		64ED38CD1CBBA49900BA8070 /* Products */ = {
			isa = PBXGroup;
			children = (
				64ED38CC1CBBA49900BA8070 /* xremix.app */,
			);
			name = Products;
			sourceTree = "<group>";
		};
		64ED38CE1CBBA49900BA8070 /* xremix */ = {
			isa = PBXGroup;
			children = (
				64ED38CF1CBBA49900BA8070 /* AppDelegate.swift */,
				64ED38D11CBBA49900BA8070 /* ViewController.swift */,
				64ED38D31CBBA49900BA8070 /* Main.storyboard */,
				64ED38D91CBBA49900BA8070 /* Assets.xcassets */,
				64ED38DB1CBBA49900BA8070 /* LaunchScreen.storyboard */,
				64ED38DE1CBBA49900BA8070 /* Info.plist */,
				64ED38D61CBBA49900BA8070 /* xremix.xcdatamodeld */,
				64ED38E51CBBA5A900BA8070 /* FlickApiReader.swift */,
				64ED38E91CBBA6D000BA8070 /* SwiftyJSON.swift */,
				64ED38ED1CBBAF3200BA8070 /* FlickrImage.swift */,
				64ED38F31CBBB8D100BA8070 /* ImageViewController.swift */,
				64ED38F41CBBB8D100BA8070 /* ImageViewController.xib */,
			);
			path = xremix;
			sourceTree = "<group>";
		};
/* End PBXGroup section */

/* Begin PBXNativeTarget section */
		64ED38CB1CBBA49900BA8070 /* xremix */ = {
			isa = PBXNativeTarget;
			buildConfigurationList = 64ED38E11CBBA49900BA8070 /* Build configuration list for PBXNativeTarget "xremix" */;
			buildPhases = (
				64ED38C81CBBA49900BA8070 /* Sources */,
				64ED38C91CBBA49900BA8070 /* Frameworks */,
				64ED38CA1CBBA49900BA8070 /* Resources */,
			);
			buildRules = (
			);
			dependencies = (
			);
			name = xremix;
			productName = xremix;
			productReference = 64ED38CC1CBBA49900BA8070 /* xremix.app */;
			productType = "com.apple.product-type.application";
		};
/* End PBXNativeTarget section */

/* Begin PBXProject section */
		64ED38C41CBBA49900BA8070 /* Project object */ = {
			isa = PBXProject;
			attributes = {
				LastSwiftMigration = 0720;
				LastSwiftUpdateCheck = 0720;
				LastUpgradeCheck = 0720;
				ORGANIZATIONNAME = "Toni Hoffmann";
				TargetAttributes = {
					64ED38CB1CBBA49900BA8070 = {
						CreatedOnToolsVersion = 7.2;
						DevelopmentTeam = T564M5W3X3;
					};
				};
			};
			buildConfigurationList = 64ED38C71CBBA49900BA8070 /* Build configuration list for PBXProject "xremix" */;
			compatibilityVersion = "Xcode 3.2";
			developmentRegion = English;
			hasScannedForEncodings = 0;
			knownRegions = (
				en,
				Base,
			);
			mainGroup = 64ED38C31CBBA49900BA8070;
			productRefGroup = 64ED38CD1CBBA49900BA8070 /* Products */;
			projectDirPath = "";
			projectRoot = "";
			targets = (
				64ED38CB1CBBA49900BA8070 /* xremix */,
			);
		};
/* End PBXProject section */

/* Begin PBXResourcesBuildPhase section */
		64ED38CA1CBBA49900BA8070 /* Resources */ = {
			isa = PBXResourcesBuildPhase;
			buildActionMask = 2147483647;
			files = (
				64ED38DD1CBBA49900BA8070 /* LaunchScreen.storyboard in Resources */,
				64ED38DA1CBBA49900BA8070 /* Assets.xcassets in Resources */,
				64ED38F61CBBB8D100BA8070 /* ImageViewController.xib in Resources */,
				64ED38D51CBBA49900BA8070 /* Main.storyboard in Resources */,
			);
			runOnlyForDeploymentPostprocessing = 0;
		};
/* End PBXResourcesBuildPhase section */

/* Begin PBXSourcesBuildPhase section */
		64ED38C81CBBA49900BA8070 /* Sources */ = {
			isa = PBXSourcesBuildPhase;
			buildActionMask = 2147483647;
			files = (
				64ED38D81CBBA49900BA8070 /* xremix.xcdatamodeld in Sources */,
				64ED38E61CBBA5A900BA8070 /* FlickApiReader.swift in Sources */,
				64ED38D21CBBA49900BA8070 /* ViewController.swift in Sources */,
				64ED38F51CBBB8D100BA8070 /* ImageViewController.swift in Sources */,
				64ED38EE1CBBAF3200BA8070 /* FlickrImage.swift in Sources */,
				64ED38EA1CBBA6D000BA8070 /* SwiftyJSON.swift in Sources */,
				64ED38D01CBBA49900BA8070 /* AppDelegate.swift in Sources */,
			);
			runOnlyForDeploymentPostprocessing = 0;
		};
/* End PBXSourcesBuildPhase section */

/* Begin PBXVariantGroup section */
		64ED38D31CBBA49900BA8070 /* Main.storyboard */ = {
			isa = PBXVariantGroup;
			children = (
				64ED38D41CBBA49900BA8070 /* Base */,
			);
			name = Main.storyboard;
			sourceTree = "<group>";
		};
		64ED38DB1CBBA49900BA8070 /* LaunchScreen.storyboard */ = {
			isa = PBXVariantGroup;
			children = (
				64ED38DC1CBBA49900BA8070 /* Base */,
			);
			name = LaunchScreen.storyboard;
			sourceTree = "<group>";
		};
/* End PBXVariantGroup section */

/* Begin XCBuildConfiguration section */
		64ED38DF1CBBA49900BA8070 /* Debug */ = {
			isa = XCBuildConfiguration;
			buildSettings = {
				ALWAYS_SEARCH_USER_PATHS = NO;
				CLANG_CXX_LANGUAGE_STANDARD = "gnu++0x";
				CLANG_CXX_LIBRARY = "libc++";
				CLANG_ENABLE_MODULES = YES;
				CLANG_ENABLE_OBJC_ARC = YES;
				CLANG_WARN_BOOL_CONVERSION = YES;
				CLANG_WARN_CONSTANT_CONVERSION = YES;
				CLANG_WARN_DIRECT_OBJC_ISA_USAGE = YES_ERROR;
				CLANG_WARN_EMPTY_BODY = YES;
				CLANG_WARN_ENUM_CONVERSION = YES;
				CLANG_WARN_INT_CONVERSION = YES;
				CLANG_WARN_OBJC_ROOT_CLASS = YES_ERROR;
				CLANG_WARN_UNREACHABLE_CODE = YES;
				CLANG_WARN__DUPLICATE_METHOD_MATCH = YES;
				"CODE_SIGN_IDENTITY[sdk=iphoneos*]" = "iPhone Developer";
				COPY_PHASE_STRIP = NO;
				DEBUG_INFORMATION_FORMAT = dwarf;
				ENABLE_STRICT_OBJC_MSGSEND = YES;
				ENABLE_TESTABILITY = YES;
				GCC_C_LANGUAGE_STANDARD = gnu99;
				GCC_DYNAMIC_NO_PIC = NO;
				GCC_NO_COMMON_BLOCKS = YES;
				GCC_OPTIMIZATION_LEVEL = 0;
				GCC_PREPROCESSOR_DEFINITIONS = (
					"DEBUG=1",
					"$(inherited)",
				);
				GCC_WARN_64_TO_32_BIT_CONVERSION = YES;
				GCC_WARN_ABOUT_RETURN_TYPE = YES_ERROR;
				GCC_WARN_UNDECLARED_SELECTOR = YES;
				GCC_WARN_UNINITIALIZED_AUTOS = YES_AGGRESSIVE;
				GCC_WARN_UNUSED_FUNCTION = YES;
				GCC_WARN_UNUSED_VARIABLE = YES;
				IPHONEOS_DEPLOYMENT_TARGET = 9.2;
				MTL_ENABLE_DEBUG_INFO = YES;
				ONLY_ACTIVE_ARCH = YES;
				SDKROOT = iphoneos;
				SWIFT_OPTIMIZATION_LEVEL = "-Onone";
				TARGETED_DEVICE_FAMILY = "1,2";
			};
			name = Debug;
		};
		64ED38E01CBBA49900BA8070 /* Release */ = {
			isa = XCBuildConfiguration;
			buildSettings = {
				ALWAYS_SEARCH_USER_PATHS = NO;
				CLANG_CXX_LANGUAGE_STANDARD = "gnu++0x";
				CLANG_CXX_LIBRARY = "libc++";
				CLANG_ENABLE_MODULES = YES;
				CLANG_ENABLE_OBJC_ARC = YES;
				CLANG_WARN_BOOL_CONVERSION = YES;
				CLANG_WARN_CONSTANT_CONVERSION = YES;
				CLANG_WARN_DIRECT_OBJC_ISA_USAGE = YES_ERROR;
				CLANG_WARN_EMPTY_BODY = YES;
				CLANG_WARN_ENUM_CONVERSION = YES;
				CLANG_WARN_INT_CONVERSION = YES;
				CLANG_WARN_OBJC_ROOT_CLASS = YES_ERROR;
				CLANG_WARN_UNREACHABLE_CODE = YES;
				CLANG_WARN__DUPLICATE_METHOD_MATCH = YES;
				"CODE_SIGN_IDENTITY[sdk=iphoneos*]" = "iPhone Developer";
				COPY_PHASE_STRIP = NO;
				DEBUG_INFORMATION_FORMAT = "dwarf-with-dsym";
				ENABLE_NS_ASSERTIONS = NO;
				ENABLE_STRICT_OBJC_MSGSEND = YES;
				GCC_C_LANGUAGE_STANDARD = gnu99;
				GCC_NO_COMMON_BLOCKS = YES;
				GCC_WARN_64_TO_32_BIT_CONVERSION = YES;
				GCC_WARN_ABOUT_RETURN_TYPE = YES_ERROR;
				GCC_WARN_UNDECLARED_SELECTOR = YES;
				GCC_WARN_UNINITIALIZED_AUTOS = YES_AGGRESSIVE;
				GCC_WARN_UNUSED_FUNCTION = YES;
				GCC_WARN_UNUSED_VARIABLE = YES;
				IPHONEOS_DEPLOYMENT_TARGET = 9.2;
				MTL_ENABLE_DEBUG_INFO = NO;
				SDKROOT = iphoneos;
				TARGETED_DEVICE_FAMILY = "1,2";
				VALIDATE_PRODUCT = YES;
			};
			name = Release;
		};
		64ED38E21CBBA49900BA8070 /* Debug */ = {
			isa = XCBuildConfiguration;
			buildSettings = {
				ASSETCATALOG_COMPILER_APPICON_NAME = AppIcon;
				CODE_SIGN_IDENTITY = "iPhone Developer";
				INFOPLIST_FILE = xremix/Info.plist;
				LD_RUNPATH_SEARCH_PATHS = "$(inherited) @executable_path/Frameworks";
				PRODUCT_BUNDLE_IDENTIFIER = de.thoffmann.xremix;
				PRODUCT_NAME = "$(TARGET_NAME)";
			};
			name = Debug;
		};
		64ED38E31CBBA49900BA8070 /* Release */ = {
			isa = XCBuildConfiguration;
			buildSettings = {
				ASSETCATALOG_COMPILER_APPICON_NAME = AppIcon;
				CODE_SIGN_IDENTITY = "iPhone Developer";
				INFOPLIST_FILE = xremix/Info.plist;
				LD_RUNPATH_SEARCH_PATHS = "$(inherited) @executable_path/Frameworks";
				PRODUCT_BUNDLE_IDENTIFIER = de.thoffmann.xremix;
				PRODUCT_NAME = "$(TARGET_NAME)";
			};
			name = Release;
		};
/* End XCBuildConfiguration section */

/* Begin XCConfigurationList section */
		64ED38C71CBBA49900BA8070 /* Build configuration list for PBXProject "xremix" */ = {
			isa = XCConfigurationList;
			buildConfigurations = (
				64ED38DF1CBBA49900BA8070 /* Debug */,
				64ED38E01CBBA49900BA8070 /* Release */,
			);
			defaultConfigurationIsVisible = 0;
			defaultConfigurationName = Release;
		};
		64ED38E11CBBA49900BA8070 /* Build configuration list for PBXNativeTarget "xremix" */ = {
			isa = XCConfigurationList;
			buildConfigurations = (
				64ED38E21CBBA49900BA8070 /* Debug */,
				64ED38E31CBBA49900BA8070 /* Release */,
			);
			defaultConfigurationIsVisible = 0;
		};
/* End XCConfigurationList section */

/* Begin XCVersionGroup section */
		64ED38D61CBBA49900BA8070 /* xremix.xcdatamodeld */ = {
			isa = XCVersionGroup;
			children = (
				64ED38D71CBBA49900BA8070 /* xremix.xcdatamodel */,
			);
			currentVersion = 64ED38D71CBBA49900BA8070 /* xremix.xcdatamodel */;
			path = xremix.xcdatamodeld;
			sourceTree = "<group>";
			versionGroupType = wrapper.xcdatamodel;
		};
/* End XCVersionGroup section */
	};
	rootObject = 64ED38C41CBBA49900BA8070 /* Project object */;
}
